// !$*UTF8*$!
{
	archiveVersion = 1;
	classes = {
	};
	objectVersion = 50;
	objects = {

/* Begin PBXBuildFile section */
		B30746522498305600CC448B /* DataModel.swift in Sources */ = {isa = PBXBuildFile; fileRef = B30746512498305600CC448B /* DataModel.swift */; };
		B30746562498329F00CC448B /* NetworkService.swift in Sources */ = {isa = PBXBuildFile; fileRef = B30746552498329F00CC448B /* NetworkService.swift */; };
		B356F8D2249BA12500A3ECF9 /* DetailPresenter.swift in Sources */ = {isa = PBXBuildFile; fileRef = B356F8D1249BA12500A3ECF9 /* DetailPresenter.swift */; };
		B380EBD02498104600F5D4D4 /* AppDelegate.swift in Sources */ = {isa = PBXBuildFile; fileRef = B380EBCF2498104600F5D4D4 /* AppDelegate.swift */; };
		B380EBD22498104600F5D4D4 /* SceneDelegate.swift in Sources */ = {isa = PBXBuildFile; fileRef = B380EBD12498104600F5D4D4 /* SceneDelegate.swift */; };
		B380EBD92498104700F5D4D4 /* Assets.xcassets in Resources */ = {isa = PBXBuildFile; fileRef = B380EBD82498104700F5D4D4 /* Assets.xcassets */; };
		B380EBDC2498104700F5D4D4 /* LaunchScreen.storyboard in Resources */ = {isa = PBXBuildFile; fileRef = B380EBDA2498104700F5D4D4 /* LaunchScreen.storyboard */; };
		B3EBC347249BA29E00B2D577 /* DetailViewController.swift in Sources */ = {isa = PBXBuildFile; fileRef = B3EBC345249BA29E00B2D577 /* DetailViewController.swift */; };
		B3EBC348249BA29E00B2D577 /* DetailViewController.xib in Resources */ = {isa = PBXBuildFile; fileRef = B3EBC346249BA29E00B2D577 /* DetailViewController.xib */; };
		B3F5A1C4249838E30091C5AE /* MainPresenter.swift in Sources */ = {isa = PBXBuildFile; fileRef = B3F5A1C3249838E30091C5AE /* MainPresenter.swift */; };
		B3F5A1C724983A3B0091C5AE /* MainViewController.swift in Sources */ = {isa = PBXBuildFile; fileRef = B3F5A1C524983A3B0091C5AE /* MainViewController.swift */; };
		B3F5A1C824983A3B0091C5AE /* MainViewController.xib in Resources */ = {isa = PBXBuildFile; fileRef = B3F5A1C624983A3B0091C5AE /* MainViewController.xib */; };
		B3F5A1CC24983D730091C5AE /* ModuleBuilder.swift in Sources */ = {isa = PBXBuildFile; fileRef = B3F5A1CB24983D730091C5AE /* ModuleBuilder.swift */; };
		B3F5A1CE24983FCA0091C5AE /* Main.storyboard in Resources */ = {isa = PBXBuildFile; fileRef = B3F5A1CD24983FCA0091C5AE /* Main.storyboard */; };
/* End PBXBuildFile section */

/* Begin PBXFileReference section */
		B30746512498305600CC448B /* DataModel.swift */ = {isa = PBXFileReference; lastKnownFileType = sourcecode.swift; path = DataModel.swift; sourceTree = "<group>"; };
		B30746552498329F00CC448B /* NetworkService.swift */ = {isa = PBXFileReference; lastKnownFileType = sourcecode.swift; path = NetworkService.swift; sourceTree = "<group>"; };
		B356F8D1249BA12500A3ECF9 /* DetailPresenter.swift */ = {isa = PBXFileReference; lastKnownFileType = sourcecode.swift; path = DetailPresenter.swift; sourceTree = "<group>"; };
		B380EBCC2498104600F5D4D4 /* TestNewsApp.app */ = {isa = PBXFileReference; explicitFileType = wrapper.application; includeInIndex = 0; path = TestNewsApp.app; sourceTree = BUILT_PRODUCTS_DIR; };
		B380EBCF2498104600F5D4D4 /* AppDelegate.swift */ = {isa = PBXFileReference; lastKnownFileType = sourcecode.swift; path = AppDelegate.swift; sourceTree = "<group>"; };
		B380EBD12498104600F5D4D4 /* SceneDelegate.swift */ = {isa = PBXFileReference; lastKnownFileType = sourcecode.swift; path = SceneDelegate.swift; sourceTree = "<group>"; };
		B380EBD82498104700F5D4D4 /* Assets.xcassets */ = {isa = PBXFileReference; lastKnownFileType = folder.assetcatalog; path = Assets.xcassets; sourceTree = "<group>"; };
		B380EBDB2498104700F5D4D4 /* Base */ = {isa = PBXFileReference; lastKnownFileType = file.storyboard; name = Base; path = Base.lproj/LaunchScreen.storyboard; sourceTree = "<group>"; };
		B380EBDD2498104700F5D4D4 /* Info.plist */ = {isa = PBXFileReference; lastKnownFileType = text.plist.xml; path = Info.plist; sourceTree = "<group>"; };
		B3EBC345249BA29E00B2D577 /* DetailViewController.swift */ = {isa = PBXFileReference; lastKnownFileType = sourcecode.swift; path = DetailViewController.swift; sourceTree = "<group>"; };
		B3EBC346249BA29E00B2D577 /* DetailViewController.xib */ = {isa = PBXFileReference; lastKnownFileType = file.xib; path = DetailViewController.xib; sourceTree = "<group>"; };
		B3F5A1C3249838E30091C5AE /* MainPresenter.swift */ = {isa = PBXFileReference; lastKnownFileType = sourcecode.swift; path = MainPresenter.swift; sourceTree = "<group>"; };
		B3F5A1C524983A3B0091C5AE /* MainViewController.swift */ = {isa = PBXFileReference; lastKnownFileType = sourcecode.swift; path = MainViewController.swift; sourceTree = "<group>"; };
		B3F5A1C624983A3B0091C5AE /* MainViewController.xib */ = {isa = PBXFileReference; lastKnownFileType = file.xib; path = MainViewController.xib; sourceTree = "<group>"; };
		B3F5A1CB24983D730091C5AE /* ModuleBuilder.swift */ = {isa = PBXFileReference; lastKnownFileType = sourcecode.swift; path = ModuleBuilder.swift; sourceTree = "<group>"; };
		B3F5A1CD24983FCA0091C5AE /* Main.storyboard */ = {isa = PBXFileReference; lastKnownFileType = file.storyboard; path = Main.storyboard; sourceTree = "<group>"; };
/* End PBXFileReference section */

/* Begin PBXFrameworksBuildPhase section */
		B380EBC92498104600F5D4D4 /* Frameworks */ = {
			isa = PBXFrameworksBuildPhase;
			buildActionMask = 2147483647;
			files = (
			);
			runOnlyForDeploymentPostprocessing = 0;
		};
/* End PBXFrameworksBuildPhase section */

/* Begin PBXGroup section */
		B307464C24982FFD00CC448B /* Main */ = {
			isa = PBXGroup;
			children = (
				B30746502498302900CC448B /* Model */,
				B307464E2498301500CC448B /* Presenter */,
				B307464D2498300F00CC448B /* View */,
			);
			path = Main;
			sourceTree = "<group>";
		};
		B307464D2498300F00CC448B /* View */ = {
			isa = PBXGroup;
			children = (
				B3F5A1C524983A3B0091C5AE /* MainViewController.swift */,
				B3F5A1C624983A3B0091C5AE /* MainViewController.xib */,
			);
			path = View;
			sourceTree = "<group>";
		};
		B307464E2498301500CC448B /* Presenter */ = {
			isa = PBXGroup;
			children = (
				B3F5A1C3249838E30091C5AE /* MainPresenter.swift */,
			);
			path = Presenter;
			sourceTree = "<group>";
		};
		B30746502498302900CC448B /* Model */ = {
			isa = PBXGroup;
			children = (
				B30746512498305600CC448B /* DataModel.swift */,
			);
			path = Model;
			sourceTree = "<group>";
		};
		B3074657249832AA00CC448B /* ServiceLayer */ = {
			isa = PBXGroup;
			children = (
				B30746552498329F00CC448B /* NetworkService.swift */,
			);
			path = ServiceLayer;
			sourceTree = "<group>";
		};
		B356F8D4249BA13B00A3ECF9 /* Presenter */ = {
			isa = PBXGroup;
			children = (
				B356F8D1249BA12500A3ECF9 /* DetailPresenter.swift */,
			);
			path = Presenter;
			sourceTree = "<group>";
		};
		B356F8D5249BA14200A3ECF9 /* Detail */ = {
			isa = PBXGroup;
			children = (
				B3EBC342249BA27800B2D577 /* View */,
				B356F8D4249BA13B00A3ECF9 /* Presenter */,
			);
			path = Detail;
			sourceTree = "<group>";
		};
		B380EBC32498104600F5D4D4 = {
			isa = PBXGroup;
			children = (
				B380EBCE2498104600F5D4D4 /* TestNewsApp */,
				B380EBCD2498104600F5D4D4 /* Products */,
			);
			sourceTree = "<group>";
		};
		B380EBCD2498104600F5D4D4 /* Products */ = {
			isa = PBXGroup;
			children = (
				B380EBCC2498104600F5D4D4 /* TestNewsApp.app */,
			);
			name = Products;
			sourceTree = "<group>";
		};
		B380EBCE2498104600F5D4D4 /* TestNewsApp */ = {
			isa = PBXGroup;
			children = (
				B380EBCF2498104600F5D4D4 /* AppDelegate.swift */,
				B380EBD12498104600F5D4D4 /* SceneDelegate.swift */,
				B3F5A1CB24983D730091C5AE /* ModuleBuilder.swift */,
				B3074657249832AA00CC448B /* ServiceLayer */,
				B307464C24982FFD00CC448B /* Main */,
				B356F8D5249BA14200A3ECF9 /* Detail */,
				B3F5A1CD24983FCA0091C5AE /* Main.storyboard */,
				B380EBD82498104700F5D4D4 /* Assets.xcassets */,
				B380EBDA2498104700F5D4D4 /* LaunchScreen.storyboard */,
				B380EBDD2498104700F5D4D4 /* Info.plist */,
			);
			path = TestNewsApp;
			sourceTree = "<group>";
		};
		B3EBC342249BA27800B2D577 /* View */ = {
			isa = PBXGroup;
			children = (
				B3EBC345249BA29E00B2D577 /* DetailViewController.swift */,
				B3EBC346249BA29E00B2D577 /* DetailViewController.xib */,
			);
			path = View;
			sourceTree = "<group>";
		};
/* End PBXGroup section */

/* Begin PBXNativeTarget section */
		B380EBCB2498104600F5D4D4 /* TestNewsApp */ = {
			isa = PBXNativeTarget;
			buildConfigurationList = B380EBE02498104700F5D4D4 /* Build configuration list for PBXNativeTarget "TestNewsApp" */;
			buildPhases = (
				B380EBC82498104600F5D4D4 /* Sources */,
				B380EBC92498104600F5D4D4 /* Frameworks */,
				B380EBCA2498104600F5D4D4 /* Resources */,
			);
			buildRules = (
			);
			dependencies = (
			);
			name = TestNewsApp;
			productName = TestNewsApp;
			productReference = B380EBCC2498104600F5D4D4 /* TestNewsApp.app */;
			productType = "com.apple.product-type.application";
		};
/* End PBXNativeTarget section */

/* Begin PBXProject section */
		B380EBC42498104600F5D4D4 /* Project object */ = {
			isa = PBXProject;
			attributes = {
				LastSwiftUpdateCheck = 1130;
				LastUpgradeCheck = 1130;
				ORGANIZATIONNAME = "Саид";
				TargetAttributes = {
					B380EBCB2498104600F5D4D4 = {
						CreatedOnToolsVersion = 11.3.1;
					};
				};
			};
			buildConfigurationList = B380EBC72498104600F5D4D4 /* Build configuration list for PBXProject "TestNewsApp" */;
			compatibilityVersion = "Xcode 9.3";
			developmentRegion = en;
			hasScannedForEncodings = 0;
			knownRegions = (
				en,
				Base,
			);
			mainGroup = B380EBC32498104600F5D4D4;
			productRefGroup = B380EBCD2498104600F5D4D4 /* Products */;
			projectDirPath = "";
			projectRoot = "";
			targets = (
				B380EBCB2498104600F5D4D4 /* TestNewsApp */,
			);
		};
/* End PBXProject section */

/* Begin PBXResourcesBuildPhase section */
		B380EBCA2498104600F5D4D4 /* Resources */ = {
			isa = PBXResourcesBuildPhase;
			buildActionMask = 2147483647;
			files = (
				B380EBDC2498104700F5D4D4 /* LaunchScreen.storyboard in Resources */,
				B3F5A1C824983A3B0091C5AE /* MainViewController.xib in Resources */,
				B3EBC348249BA29E00B2D577 /* DetailViewController.xib in Resources */,
				B380EBD92498104700F5D4D4 /* Assets.xcassets in Resources */,
				B3F5A1CE24983FCA0091C5AE /* Main.storyboard in Resources */,
			);
			runOnlyForDeploymentPostprocessing = 0;
		};
/* End PBXResourcesBuildPhase section */

/* Begin PBXSourcesBuildPhase section */
		B380EBC82498104600F5D4D4 /* Sources */ = {
			isa = PBXSourcesBuildPhase;
			buildActionMask = 2147483647;
			files = (
				B3EBC347249BA29E00B2D577 /* DetailViewController.swift in Sources */,
				B3F5A1C4249838E30091C5AE /* MainPresenter.swift in Sources */,
				B30746522498305600CC448B /* DataModel.swift in Sources */,
				B380EBD02498104600F5D4D4 /* AppDelegate.swift in Sources */,
				B356F8D2249BA12500A3ECF9 /* DetailPresenter.swift in Sources */,
				B3F5A1C724983A3B0091C5AE /* MainViewController.swift in Sources */,
				B3F5A1CC24983D730091C5AE /* ModuleBuilder.swift in Sources */,
				B30746562498329F00CC448B /* NetworkService.swift in Sources */,
				B380EBD22498104600F5D4D4 /* SceneDelegate.swift in Sources */,
			);
			runOnlyForDeploymentPostprocessing = 0;
		};
/* End PBXSourcesBuildPhase section */

/* Begin PBXVariantGroup section */
		B380EBDA2498104700F5D4D4 /* LaunchScreen.storyboard */ = {
			isa = PBXVariantGroup;
			children = (
				B380EBDB2498104700F5D4D4 /* Base */,
			);
			name = LaunchScreen.storyboard;
			sourceTree = "<group>";
		};
/* End PBXVariantGroup section */

/* Begin XCBuildConfiguration section */
		B380EBDE2498104700F5D4D4 /* Debug */ = {
			isa = XCBuildConfiguration;
			buildSettings = {
				ALWAYS_SEARCH_USER_PATHS = NO;
				CLANG_ANALYZER_NONNULL = YES;
				CLANG_ANALYZER_NUMBER_OBJECT_CONVERSION = YES_AGGRESSIVE;
				CLANG_CXX_LANGUAGE_STANDARD = "gnu++14";
				CLANG_CXX_LIBRARY = "libc++";
				CLANG_ENABLE_MODULES = YES;
				CLANG_ENABLE_OBJC_ARC = YES;
				CLANG_ENABLE_OBJC_WEAK = YES;
				CLANG_WARN_BLOCK_CAPTURE_AUTORELEASING = YES;
				CLANG_WARN_BOOL_CONVERSION = YES;
				CLANG_WARN_COMMA = YES;
				CLANG_WARN_CONSTANT_CONVERSION = YES;
				CLANG_WARN_DEPRECATED_OBJC_IMPLEMENTATIONS = YES;
				CLANG_WARN_DIRECT_OBJC_ISA_USAGE = YES_ERROR;
				CLANG_WARN_DOCUMENTATION_COMMENTS = YES;
				CLANG_WARN_EMPTY_BODY = YES;
				CLANG_WARN_ENUM_CONVERSION = YES;
				CLANG_WARN_INFINITE_RECURSION = YES;
				CLANG_WARN_INT_CONVERSION = YES;
				CLANG_WARN_NON_LITERAL_NULL_CONVERSION = YES;
				CLANG_WARN_OBJC_IMPLICIT_RETAIN_SELF = YES;
				CLANG_WARN_OBJC_LITERAL_CONVERSION = YES;
				CLANG_WARN_OBJC_ROOT_CLASS = YES_ERROR;
				CLANG_WARN_RANGE_LOOP_ANALYSIS = YES;
				CLANG_WARN_STRICT_PROTOTYPES = YES;
				CLANG_WARN_SUSPICIOUS_MOVE = YES;
				CLANG_WARN_UNGUARDED_AVAILABILITY = YES_AGGRESSIVE;
				CLANG_WARN_UNREACHABLE_CODE = YES;
				CLANG_WARN__DUPLICATE_METHOD_MATCH = YES;
				COPY_PHASE_STRIP = NO;
				DEBUG_INFORMATION_FORMAT = dwarf;
				ENABLE_STRICT_OBJC_MSGSEND = YES;
				ENABLE_TESTABILITY = YES;
				GCC_C_LANGUAGE_STANDARD = gnu11;
				GCC_DYNAMIC_NO_PIC = NO;
				GCC_NO_COMMON_BLOCKS = YES;
				GCC_OPTIMIZATION_LEVEL = 0;
				GCC_PREPROCESSOR_DEFINITIONS = (
					"DEBUG=1",
					"$(inherited)",
				);
				GCC_WARN_64_TO_32_BIT_CONVERSION = YES;
				GCC_WARN_ABOUT_RETURN_TYPE = YES_ERROR;
				GCC_WARN_UNDECLARED_SELECTOR = YES;
				GCC_WARN_UNINITIALIZED_AUTOS = YES_AGGRESSIVE;
				GCC_WARN_UNUSED_FUNCTION = YES;
				GCC_WARN_UNUSED_VARIABLE = YES;
				IPHONEOS_DEPLOYMENT_TARGET = 13.2;
				MTL_ENABLE_DEBUG_INFO = INCLUDE_SOURCE;
				MTL_FAST_MATH = YES;
				ONLY_ACTIVE_ARCH = YES;
				SDKROOT = iphoneos;
				SWIFT_ACTIVE_COMPILATION_CONDITIONS = DEBUG;
				SWIFT_OPTIMIZATION_LEVEL = "-Onone";
			};
			name = Debug;
		};
		B380EBDF2498104700F5D4D4 /* Release */ = {
			isa = XCBuildConfiguration;
			buildSettings = {
				ALWAYS_SEARCH_USER_PATHS = NO;
				CLANG_ANALYZER_NONNULL = YES;
				CLANG_ANALYZER_NUMBER_OBJECT_CONVERSION = YES_AGGRESSIVE;
				CLANG_CXX_LANGUAGE_STANDARD = "gnu++14";
				CLANG_CXX_LIBRARY = "libc++";
				CLANG_ENABLE_MODULES = YES;
				CLANG_ENABLE_OBJC_ARC = YES;
				CLANG_ENABLE_OBJC_WEAK = YES;
				CLANG_WARN_BLOCK_CAPTURE_AUTORELEASING = YES;
				CLANG_WARN_BOOL_CONVERSION = YES;
				CLANG_WARN_COMMA = YES;
				CLANG_WARN_CONSTANT_CONVERSION = YES;
				CLANG_WARN_DEPRECATED_OBJC_IMPLEMENTATIONS = YES;
				CLANG_WARN_DIRECT_OBJC_ISA_USAGE = YES_ERROR;
				CLANG_WARN_DOCUMENTATION_COMMENTS = YES;
				CLANG_WARN_EMPTY_BODY = YES;
				CLANG_WARN_ENUM_CONVERSION = YES;
				CLANG_WARN_INFINITE_RECURSION = YES;
				CLANG_WARN_INT_CONVERSION = YES;
				CLANG_WARN_NON_LITERAL_NULL_CONVERSION = YES;
				CLANG_WARN_OBJC_IMPLICIT_RETAIN_SELF = YES;
				CLANG_WARN_OBJC_LITERAL_CONVERSION = YES;
				CLANG_WARN_OBJC_ROOT_CLASS = YES_ERROR;
				CLANG_WARN_RANGE_LOOP_ANALYSIS = YES;
				CLANG_WARN_STRICT_PROTOTYPES = YES;
				CLANG_WARN_SUSPICIOUS_MOVE = YES;
				CLANG_WARN_UNGUARDED_AVAILABILITY = YES_AGGRESSIVE;
				CLANG_WARN_UNREACHABLE_CODE = YES;
				CLANG_WARN__DUPLICATE_METHOD_MATCH = YES;
				COPY_PHASE_STRIP = NO;
				DEBUG_INFORMATION_FORMAT = "dwarf-with-dsym";
				ENABLE_NS_ASSERTIONS = NO;
				ENABLE_STRICT_OBJC_MSGSEND = YES;
				GCC_C_LANGUAGE_STANDARD = gnu11;
				GCC_NO_COMMON_BLOCKS = YES;
				GCC_WARN_64_TO_32_BIT_CONVERSION = YES;
				GCC_WARN_ABOUT_RETURN_TYPE = YES_ERROR;
				GCC_WARN_UNDECLARED_SELECTOR = YES;
				GCC_WARN_UNINITIALIZED_AUTOS = YES_AGGRESSIVE;
				GCC_WARN_UNUSED_FUNCTION = YES;
				GCC_WARN_UNUSED_VARIABLE = YES;
				IPHONEOS_DEPLOYMENT_TARGET = 13.2;
				MTL_ENABLE_DEBUG_INFO = NO;
				MTL_FAST_MATH = YES;
				SDKROOT = iphoneos;
				SWIFT_COMPILATION_MODE = wholemodule;
				SWIFT_OPTIMIZATION_LEVEL = "-O";
				VALIDATE_PRODUCT = YES;
			};
			name = Release;
		};
		B380EBE12498104700F5D4D4 /* Debug */ = {
			isa = XCBuildConfiguration;
			buildSettings = {
				ASSETCATALOG_COMPILER_APPICON_NAME = AppIcon;
				CODE_SIGN_STYLE = Automatic;
				DEVELOPMENT_TEAM = WZ79T2T95T;
				INFOPLIST_FILE = TestNewsApp/Info.plist;
				LD_RUNPATH_SEARCH_PATHS = (
					"$(inherited)",
					"@executable_path/Frameworks",
				);
				PRODUCT_BUNDLE_IDENTIFIER = "-.TestNewsApp";
				PRODUCT_NAME = "$(TARGET_NAME)";
				SWIFT_VERSION = 5.0;
				TARGETED_DEVICE_FAMILY = "1,2";
			};
			name = Debug;
		};
		B380EBE22498104700F5D4D4 /* Release */ = {
			isa = XCBuildConfiguration;
			buildSettings = {
				ASSETCATALOG_COMPILER_APPICON_NAME = AppIcon;
				CODE_SIGN_STYLE = Automatic;
				DEVELOPMENT_TEAM = WZ79T2T95T;
				INFOPLIST_FILE = TestNewsApp/Info.plist;
				LD_RUNPATH_SEARCH_PATHS = (
					"$(inherited)",
					"@executable_path/Frameworks",
				);
				PRODUCT_BUNDLE_IDENTIFIER = "-.TestNewsApp";
				PRODUCT_NAME = "$(TARGET_NAME)";
				SWIFT_VERSION = 5.0;
				TARGETED_DEVICE_FAMILY = "1,2";
			};
			name = Release;
		};
/* End XCBuildConfiguration section */

/* Begin XCConfigurationList section */
		B380EBC72498104600F5D4D4 /* Build configuration list for PBXProject "TestNewsApp" */ = {
			isa = XCConfigurationList;
			buildConfigurations = (
				B380EBDE2498104700F5D4D4 /* Debug */,
				B380EBDF2498104700F5D4D4 /* Release */,
			);
			defaultConfigurationIsVisible = 0;
			defaultConfigurationName = Release;
		};
		B380EBE02498104700F5D4D4 /* Build configuration list for PBXNativeTarget "TestNewsApp" */ = {
			isa = XCConfigurationList;
			buildConfigurations = (
				B380EBE12498104700F5D4D4 /* Debug */,
				B380EBE22498104700F5D4D4 /* Release */,
			);
			defaultConfigurationIsVisible = 0;
			defaultConfigurationName = Release;
		};
/* End XCConfigurationList section */
	};
	rootObject = B380EBC42498104600F5D4D4 /* Project object */;
}
